
Microsoft Visual Studio Solution File, Format Version 12.00
# Visual Studio 15
VisualStudioVersion = 15.0.28307.489
MinimumVisualStudioVersion = 10.0.40219.1
Project("{FAE04EC0-301F-11D3-BF4B-00C04F79EFBC}") = "ConsoleServerSocket", "ConsoleServerSocket\ConsoleServerSocket.csproj", "{80978442-139A-43AF-B0E2-30F0BF4C4340}"
EndProject
Global
	GlobalSection(SolutionConfigurationPlatforms) = preSolution
		Debug|Any CPU = Debug|Any CPU
		Release|Any CPU = Release|Any CPU
	EndGlobalSection
	GlobalSection(ProjectConfigurationPlatforms) = postSolution
		{80978442-139A-43AF-B0E2-30F0BF4C4340}.Debug|Any CPU.ActiveCfg = Debug|Any CPU
		{80978442-139A-43AF-B0E2-30F0BF4C4340}.Debug|Any CPU.Build.0 = Debug|Any CPU
		{80978442-139A-43AF-B0E2-30F0BF4C4340}.Release|Any CPU.ActiveCfg = Release|Any CPU
		{80978442-139A-43AF-B0E2-30F0BF4C4340}.Release|Any CPU.Build.0 = Release|Any CPU
	EndGlobalSection
	GlobalSection(SolutionProperties) = preSolution
		HideSolutionNode = FALSE
	EndGlobalSection
	GlobalSection(ExtensibilityGlobals) = postSolution
		SolutionGuid = {846CAF2A-7091-42BD-836A-94A67385120C}
	EndGlobalSection
EndGlobal
